
Microsoft Visual Studio Solution File, Format Version 12.00
# Visual Studio Version 16
VisualStudioVersion = 16.0.31205.134
MinimumVisualStudioVersion = 10.0.40219.1
Project("{9A19103F-16F7-4668-BE54-9A1E7A4F7556}") = "BlazorMovies.Server", "BlazorMovies\Server\BlazorMovies.Server.csproj", "{5C550705-F0AC-47EE-A458-E245A47F5C37}"
EndProject
Project("{9A19103F-16F7-4668-BE54-9A1E7A4F7556}") = "BlazorMovies.Client", "BlazorMovies\Client\BlazorMovies.Client.csproj", "{88F69677-8AC7-40DC-A811-76FA16AF1001}"
EndProject
Project("{9A19103F-16F7-4668-BE54-9A1E7A4F7556}") = "BlazorMovies.Shared", "BlazorMovies\Shared\BlazorMovies.Shared.csproj", "{02E34958-7B30-4EC7-8CC7-08A47012C758}"
EndProject
Global
	GlobalSection(SolutionConfigurationPlatforms) = preSolution
		Debug|Any CPU = Debug|Any CPU
		Release|Any CPU = Release|Any CPU
	EndGlobalSection
	GlobalSection(ProjectConfigurationPlatforms) = postSolution
		{5C550705-F0AC-47EE-A458-E245A47F5C37}.Debug|Any CPU.ActiveCfg = Debug|Any CPU
		{5C550705-F0AC-47EE-A458-E245A47F5C37}.Debug|Any CPU.Build.0 = Debug|Any CPU
		{5C550705-F0AC-47EE-A458-E245A47F5C37}.Release|Any CPU.ActiveCfg = Release|Any CPU
		{5C550705-F0AC-47EE-A458-E245A47F5C37}.Release|Any CPU.Build.0 = Release|Any CPU
		{88F69677-8AC7-40DC-A811-76FA16AF1001}.Debug|Any CPU.ActiveCfg = Debug|Any CPU
		{88F69677-8AC7-40DC-A811-76FA16AF1001}.Debug|Any CPU.Build.0 = Debug|Any CPU
		{88F69677-8AC7-40DC-A811-76FA16AF1001}.Release|Any CPU.ActiveCfg = Release|Any CPU
		{88F69677-8AC7-40DC-A811-76FA16AF1001}.Release|Any CPU.Build.0 = Release|Any CPU
		{02E34958-7B30-4EC7-8CC7-08A47012C758}.Debug|Any CPU.ActiveCfg = Debug|Any CPU
		{02E34958-7B30-4EC7-8CC7-08A47012C758}.Debug|Any CPU.Build.0 = Debug|Any CPU
		{02E34958-7B30-4EC7-8CC7-08A47012C758}.Release|Any CPU.ActiveCfg = Release|Any CPU
		{02E34958-7B30-4EC7-8CC7-08A47012C758}.Release|Any CPU.Build.0 = Release|Any CPU
	EndGlobalSection
	GlobalSection(SolutionProperties) = preSolution
		HideSolutionNode = FALSE
	EndGlobalSection
	GlobalSection(ExtensibilityGlobals) = postSolution
		SolutionGuid = {23970E0A-AFFD-4D87-8EF9-FC62B7B74075}
	EndGlobalSection
EndGlobal
